<?xml version="1.0" encoding="UTF-8" standalone="yes" ?>
<CodeBlocks_project_file>
	<FileVersion major="1" minor="6" />
	<Project>
		<Option title="Core 2" />
		<Option pch_mode="2" />
		<Option compiler="gcc" />
		<Build>
			<Target title="Debug">
				<Option output="bin/Debug/Core 2" prefix_auto="1" extension_auto="1" />
				<Option object_output="obj/Debug/" />
				<Option type="1" />
				<Option compiler="gcc" />
				<Compiler>
					<Add option="-g" />
				</Compiler>
			</Target>
			<Target title="Release">
				<Option output="bin/Release/Core 2" prefix_auto="1" extension_auto="1" />
				<Option object_output="obj/Release/" />
				<Option type="1" />
				<Option compiler="gcc" />
				<Compiler>
					<Add option="-O2" />
				</Compiler>
				<Linker>
					<Add option="-s" />
				</Linker>
			</Target>
		</Build>
		<Compiler>
			<Add option="-Wall" />
		</Compiler>
		<Unit filename="algebraAndFunctions.cpp" />
		<Unit filename="algebraAndFunctions.h" />
		<Unit filename="coordinateGeometryInTheXYPlane.cpp" />
		<Unit filename="coordinateGeometryInTheXYPlane.h" />
		<Unit filename="differentiation.cpp" />
		<Unit filename="differentiation.h" />
		<Unit filename="exponentialsAndLogarithms.cpp" />
		<Unit filename="exponentialsAndLogarithms.h" />
		<Unit filename="formulae.cpp" />
		<Unit filename="formulae.h" />
		<Unit filename="geometricSequencesAndSeries.cpp" />
		<Unit filename="geometricSequencesAndSeries.h" />
		<Unit filename="graphsOfTrigonometricFunctions.cpp" />
		<Unit filename="graphsOfTrigonometricFunctions.h" />
		<Unit filename="integration.cpp" />
		<Unit filename="integration.h" />
		<Unit filename="main.cpp" />
		<Unit filename="radianMeasureAndItsApplications.cpp" />
		<Unit filename="radianMeasureAndItsApplications.h" />
		<Unit filename="theBinomialExpansion.cpp" />
		<Unit filename="theBinomialExpansion.h" />
		<Unit filename="theSineAndCosineRule.cpp" />
		<Unit filename="theSineAndCosineRule.h" />
		<Unit filename="trigonometricalIdentitiesAndSimpleEquations.h" />
		<Unit filename="trigonometricalidentitiesAndSimpleEquations.cpp" />
		<Extensions>
			<code_completion />
			<envvars />
			<debugger />
		</Extensions>
	</Project>
</CodeBlocks_project_file>
